github.com/bits-and-blooms/bitset v1.24.2 h1:M7/NzVbsytmtfHbumG+K2bremQPMJuqv1JD3vOaFxp0=
github.com/bits-and-blooms/bitset v1.24.2/go.mod h1:7hO7Gc7Pp1vODcmWvKMRA9BNmbv6a/7QIWpPxHddWR8=
github.com/bits-and-blooms/bloom/v3 v3.7.1 h1:WXovk4TRKZttAMJfoQx6K2DM0zNIt8w+c67UqO+etV0=
github.com/bits-and-blooms/bloom/v3 v3.7.1/go.mod h1:rZzYLLje2dfzXfAkJNxQQHsKurAyK55KUnL43Euk0hU=
github.com/cespare/xxhash/v2 v2.3.0 h1:UL815xU9SqsFlibzuggzjXhog7bL6oX9BbNZnL2UFvs=
github.com/cespare/xxhash/v2 v2.3.0/go.mod h1:VGX0DQ3Q6kWi7AoAeZDth3/j3BFtOZR5XLFGgcrjCOs=
github.com/dgryski/go-metro v0.0.0-20200812162917-85c65e2d0165 h1:BS21ZUJ/B5X2UVUbczfmdWH7GapPWAhxcMsDnjJTU1E=
github.com/dgryski/go-metro v0.0.0-20200812162917-85c65e2d0165/go.mod h1:c9O8+fpSOX1DM8cPNSkX/qsBWdkD4yd2dpciOWQjpBw=
github.com/google/go-cmp v0.5.9 h1:O2Tfq5qg4qc4AmwVlvv0oLiVAGB7enBSJ2x2DqQFi38=
github.com/google/go-cmp v0.5.9/go.mod h1:17dUlkBOakJ0+DkrSSNjCkIjxS6bF9zb3elmeNGIjoY=
github.com/panmari/cuckoofilter v1.0.6 h1:WKb1aSj16h22x0CKVtTCaRkJiCnVGPLEMGbNY8xwXf8=
github.com/panmari/cuckoofilter v1.0.6/go.mod h1:bKADbQPGbN6TxUvo/IbMEIUbKuASnpsOvrLTgpSX0aU=
github.com/twmb/murmur3 v1.1.8 h1:8Yt9taO/WN3l08xErzjeschgZU2QSrwm1kclYq+0aRg=
github.com/twmb/murmur3 v1.1.8/go.mod h1:Qq/R7NUyOfr65zD+6Q5IHKsJLwP7exErjN6lyyq3OSQ=
